
Microsoft Visual Studio Solution File, Format Version 12.00
# Visual Studio Version 16
VisualStudioVersion = 16.0.29025.244
MinimumVisualStudioVersion = 10.0.40219.1
Project("{FAE04EC0-301F-11D3-BF4B-00C04F79EFBC}") = "Actividad 2", "Actividad 2\Actividad 2.csproj", "{4ACED311-292B-4417-92AD-69A87FC72245}"
EndProject
Global
	GlobalSection(SolutionConfigurationPlatforms) = preSolution
		Debug|Any CPU = Debug|Any CPU
		Release|Any CPU = Release|Any CPU
	EndGlobalSection
	GlobalSection(ProjectConfigurationPlatforms) = postSolution
		{4ACED311-292B-4417-92AD-69A87FC72245}.Debug|Any CPU.ActiveCfg = Debug|Any CPU
		{4ACED311-292B-4417-92AD-69A87FC72245}.Debug|Any CPU.Build.0 = Debug|Any CPU
		{4ACED311-292B-4417-92AD-69A87FC72245}.Release|Any CPU.ActiveCfg = Release|Any CPU
		{4ACED311-292B-4417-92AD-69A87FC72245}.Release|Any CPU.Build.0 = Release|Any CPU
	EndGlobalSection
	GlobalSection(SolutionProperties) = preSolution
		HideSolutionNode = FALSE
	EndGlobalSection
	GlobalSection(ExtensibilityGlobals) = postSolution
		SolutionGuid = {903E3E34-BCD2-4CB2-9F74-B4E542AE016E}
	EndGlobalSection
EndGlobal
